<?xml version="1.0" encoding="utf-8"?>
<Project DefaultTargets="Build" ToolsVersion="4.0" xmlns="http://schemas.microsoft.com/developer/msbuild/2003">
  <PropertyGroup>
    <Configuration Condition=" '$(Configuration)' == '' ">Debug</Configuration>
    <Platform Condition=" '$(Platform)' == '' ">x86</Platform>
    <ProjectGuid>{4318CF23-1313-45E7-8A2D-9EDEB5E5F11A}</ProjectGuid>
    <Compiler>DMD2</Compiler>
    <PreferOneStepBuild>true</PreferOneStepBuild>
    <UseDefaultCompiler>true</UseDefaultCompiler>
    <IncrementalLinking>true</IncrementalLinking>
    <Description>Game engine library and tools for retro-style games.</Description>
    <Includes>
      <Includes>
        <Path>G:\Developing\DerelictUtil-master\source</Path>
        <Path>G:\Developing\DerelictSDL2-master\source</Path>
      </Includes>
    </Includes>
    <ReleaseVersion>0.9.1</ReleaseVersion>
  </PropertyGroup>
  <PropertyGroup Condition=" '$(Configuration)|$(Platform)' == 'Release|AnyCPU' ">
    <OutputPath>bin\Release</OutputPath>
    <Externalconsole>true</Externalconsole>
    <Target>Executable</Target>
    <OutputName>PixelPerfectEngine</OutputName>
    <UnittestMode>false</UnittestMode>
    <LinkinThirdPartyLibraries>false</LinkinThirdPartyLibraries>
    <ObjectsDirectory>obj\Release</ObjectsDirectory>
    <DebugLevel>0</DebugLevel>
  </PropertyGroup>
  <PropertyGroup Condition=" '$(Configuration)|$(Platform)' == 'Unittest|AnyCPU' ">
    <DebugSymbols>true</DebugSymbols>
    <OutputPath>bin\Unittest</OutputPath>
    <Externalconsole>true</Externalconsole>
    <Target>Executable</Target>
    <OutputName>PixelPerfectEngine</OutputName>
    <UnittestMode>true</UnittestMode>
    <LinkinThirdPartyLibraries>false</LinkinThirdPartyLibraries>
    <ObjectsDirectory>obj\Unittest</ObjectsDirectory>
    <DebugLevel>0</DebugLevel>
  </PropertyGroup>
  <PropertyGroup Condition=" '$(Configuration)|$(Platform)' == 'Debug|x86' ">
    <DebugSymbols>true</DebugSymbols>
    <OutputPath>bin\Debug</OutputPath>
    <Externalconsole>true</Externalconsole>
    <Target>StaticLibrary</Target>
    <OutputName>PixelPerfectEngine</OutputName>
    <UnittestMode>false</UnittestMode>
    <Libs>
      <Libs>
        <Lib>G:\Developing\DerelictSDL2-master\lib\DerelictSDL2.lib</Lib>
        <Lib>G:\Developing\DerelictUtil-master\lib\DerelictUtil.lib</Lib>
      </Libs>
    </Libs>
    <LinkinThirdPartyLibraries>true</LinkinThirdPartyLibraries>
    <ObjectsDirectory>obj\Debug</ObjectsDirectory>
    <DebugLevel>0</DebugLevel>
  </PropertyGroup>
  <ItemGroup>
    <Compile Include="concrete\elements.d" />
    <Compile Include="concrete\stylesheet.d" />
    <Compile Include="concrete\window.d" />
    <Compile Include="extbmp\animation.d" />
    <Compile Include="extbmp\extbmp.d" />
    <Compile Include="graphics\bitmap.d" />
    <Compile Include="graphics\common.d" />
    <Compile Include="graphics\draw.d" />
    <Compile Include="graphics\fontsets.d" />
    <Compile Include="graphics\layers.d" />
    <Compile Include="graphics\raster.d" />
    <Compile Include="map\mapdata.d" />
    <Compile Include="map\mapload.d" />
    <Compile Include="sound\sound.d" />
    <Compile Include="system\advBitArray.d" />
    <Compile Include="system\config.d" />
    <Compile Include="system\dat.d" />
    <Compile Include="system\etc.d" />
    <Compile Include="system\exc.d" />
    <Compile Include="system\file.d" />
    <Compile Include="system\inputHandler.d" />
    <Compile Include="collision.d" />
    <Compile Include="graphics\outputScreen.d" />
  </ItemGroup>
</Project>