<?xml version="1.0" encoding="utf-8"?>
<Project DefaultTargets="Build" ToolsVersion="4.0" xmlns="http://schemas.microsoft.com/developer/msbuild/2003">
  <PropertyGroup>
    <Configuration Condition=" '$(Configuration)' == '' ">Debug</Configuration>
    <Platform Condition=" '$(Platform)' == '' ">x86</Platform>
    <ProjectGuid>{85CE2787-003D-4E4F-A1D0-FD68ED8B059D}</ProjectGuid>
    <Compiler>DMD2</Compiler>
    <PreferOneStepBuild>true</PreferOneStepBuild>
    <UseDefaultCompiler>true</UseDefaultCompiler>
    <IncrementalLinking>true</IncrementalLinking>
    <Description>Default engine editor for Pixel Perfect Engine</Description>
    <Includes>
      <Includes>
        <Path>G:\Developing\DerelictFI-master\source</Path>
        <Path>G:\Developing\DerelictUtil-master\source</Path>
        <Path>G:\Developing\DerelictSDL2-master\source</Path>
        <Path>D:\Projects\PixelPerfectEngine</Path>
      </Includes>
    </Includes>
    <ReleaseVersion>0.9.1</ReleaseVersion>
  </PropertyGroup>
  <PropertyGroup Condition=" '$(Configuration)|$(Platform)' == 'Release|AnyCPU' ">
    <OutputPath>bin\Release</OutputPath>
    <Externalconsole>true</Externalconsole>
    <Target>Executable</Target>
    <OutputName>PixelPerfectEditor</OutputName>
    <UnittestMode>false</UnittestMode>
    <LinkinThirdPartyLibraries>false</LinkinThirdPartyLibraries>
    <ObjectsDirectory>obj\Release</ObjectsDirectory>
    <DebugLevel>0</DebugLevel>
  </PropertyGroup>
  <PropertyGroup Condition=" '$(Configuration)|$(Platform)' == 'Unittest|AnyCPU' ">
    <DebugSymbols>true</DebugSymbols>
    <OutputPath>bin\Unittest</OutputPath>
    <Externalconsole>true</Externalconsole>
    <Target>Executable</Target>
    <OutputName>PixelPerfectEditor</OutputName>
    <UnittestMode>true</UnittestMode>
    <LinkinThirdPartyLibraries>false</LinkinThirdPartyLibraries>
    <ObjectsDirectory>obj\Unittest</ObjectsDirectory>
    <DebugLevel>0</DebugLevel>
  </PropertyGroup>
  <PropertyGroup Condition=" '$(Configuration)|$(Platform)' == 'Debug|x86' ">
    <DebugSymbols>true</DebugSymbols>
    <OutputPath>bin\Debug</OutputPath>
    <Externalconsole>true</Externalconsole>
    <Target>Executable</Target>
    <OutputName>PixelPerfectEditor</OutputName>
    <UnittestMode>false</UnittestMode>
    <Libs>
      <Libs>
        <Lib>G:\Developing\DerelictFI-master\lib\DerelictFI.lib</Lib>
        <Lib>G:\Developing\DerelictSDL2-master\lib\DerelictSDL2.lib</Lib>
        <Lib>G:\Developing\DerelictUtil-master\lib\DerelictUtil.lib</Lib>
        <Lib>D:\Projects\PixelPerfectEngine\PixelPerfectEngine\bin\Debug\PixelPerfectEngine.lib</Lib>
      </Libs>
    </Libs>
    <LinkinThirdPartyLibraries>true</LinkinThirdPartyLibraries>
    <ObjectsDirectory>obj\Debug</ObjectsDirectory>
    <DebugLevel>0</DebugLevel>
  </PropertyGroup>
  <ItemGroup>
    <Compile Include="app.d" />
    <Compile Include="converter.d" />
    <Compile Include="converterdialog.d" />
    <Compile Include="editor.d" />
  </ItemGroup>
</Project>